Microsoft Visual Studio Solution File, Format Version 12.00
# Visual Studio Version 17
VisualStudioVersion = 17.11.35312.102
MinimumVisualStudioVersion = 10.0.40219.1
Project("{FAE04EC0-301F-11D3-BF4B-00C04F79EFBC}") = "BoatHUD", "BoatHUD/BoatHUD.csproj", "{7D81D997-2451-4F30-A568-A303DCC00979}"
EndProject
Global
    GlobalSection(SolutionConfigurationPlatforms) = preSolution
        Debug|x64 = Debug|x64
        Release|x64 = Release|x64
    EndGlobalSection
    GlobalSection(ProjectConfigurationPlatforms) = postSolution
        {7D81D997-2451-4F30-A568-A303DCC00979}.Debug|x64.ActiveCfg = Debug|x64
        {7D81D997-2451-4F30-A568-A303DCC00979}.Debug|x64.Build.0 = Debug|x64
        {7D81D997-2451-4F30-A568-A303DCC00979}.Release|x64.ActiveCfg = Release|x64
        {7D81D997-2451-4F30-A568-A303DCC00979}.Release|x64.Build.0 = Release|x64
    EndGlobalSection
    GlobalSection(SolutionProperties) = preSolution
        HideSolutionNode = FALSE
    EndGlobalSection
    GlobalSection(ExtensibilityGlobals) = postSolution
        SolutionGuid = {9A876278-C8B8-40E7-B9AC-31FD065AB97B}
    EndGlobalSection
EndGlobal